
Microsoft Visual Studio Solution File, Format Version 12.00
# Visual Studio Version 17
VisualStudioVersion = 17.12.35527.113
MinimumVisualStudioVersion = 10.0.40219.1
Project("{2150E333-8FDC-42A3-9474-1A3956D46DE8}") = "src", "src", "{EE1ED828-386D-49D4-8129-F130549399A8}"
EndProject
Project("{2150E333-8FDC-42A3-9474-1A3956D46DE8}") = "1.Domain", "1.Domain", "{A073C211-D662-4FF1-A0B9-ABA2D023C43D}"
EndProject
Project("{2150E333-8FDC-42A3-9474-1A3956D46DE8}") = "2.Infrastructures", "2.Infrastructures", "{C02EAB8B-2FAC-49AC-8D21-6DBDF63705D8}"
EndProject
Project("{2150E333-8FDC-42A3-9474-1A3956D46DE8}") = "3.EndPoints", "3.EndPoints", "{C15A4E20-3723-45AC-A793-56D9B688EB3D}"
EndProject
Project("{2150E333-8FDC-42A3-9474-1A3956D46DE8}") = "Core", "Core", "{7BE0BE31-E82E-42B6-A893-5A3CA8ABF18C}"
EndProject
Project("{2150E333-8FDC-42A3-9474-1A3956D46DE8}") = "Service", "Service", "{37457FD4-325E-43F4-A874-81E0E05DE201}"
EndProject
Project("{2150E333-8FDC-42A3-9474-1A3956D46DE8}") = "DataAccess", "DataAccess", "{32BB69FD-D8A7-4951-B947-35D70062DC59}"
EndProject
Project("{2150E333-8FDC-42A3-9474-1A3956D46DE8}") = "DataBase", "DataBase", "{87193E85-C60A-4FE6-B12B-C10B4B167941}"
EndProject
Project("{FAE04EC0-301F-11D3-BF4B-00C04F79EFBC}") = "App.Domain.Core", "App.Domain.Core\App.Domain.Core.csproj", "{EB109766-4F03-4F32-B794-585533434378}"
EndProject
Project("{FAE04EC0-301F-11D3-BF4B-00C04F79EFBC}") = "Connection", "Connection\Connection.csproj", "{FBC77374-D693-4A79-9283-23C243B561B4}"
EndProject
Project("{FAE04EC0-301F-11D3-BF4B-00C04F79EFBC}") = "SangaghakEndPoint", "SangaghakEndPoint\SangaghakEndPoint.csproj", "{4D1ADB91-AF03-4CA6-A66A-DCF0383C439C}"
EndProject
Project("{FAE04EC0-301F-11D3-BF4B-00C04F79EFBC}") = "App.Infra.Data.Repos.Ef", "App.Infra.Data.Repos.Ef\App.Infra.Data.Repos.Ef.csproj", "{D309600C-CF3F-408A-B016-9014EF2C72D9}"
EndProject
Global
	GlobalSection(SolutionConfigurationPlatforms) = preSolution
		Debug|Any CPU = Debug|Any CPU
		Release|Any CPU = Release|Any CPU
	EndGlobalSection
	GlobalSection(ProjectConfigurationPlatforms) = postSolution
		{EB109766-4F03-4F32-B794-585533434378}.Debug|Any CPU.ActiveCfg = Debug|Any CPU
		{EB109766-4F03-4F32-B794-585533434378}.Debug|Any CPU.Build.0 = Debug|Any CPU
		{EB109766-4F03-4F32-B794-585533434378}.Release|Any CPU.ActiveCfg = Release|Any CPU
		{EB109766-4F03-4F32-B794-585533434378}.Release|Any CPU.Build.0 = Release|Any CPU
		{FBC77374-D693-4A79-9283-23C243B561B4}.Debug|Any CPU.ActiveCfg = Debug|Any CPU
		{FBC77374-D693-4A79-9283-23C243B561B4}.Debug|Any CPU.Build.0 = Debug|Any CPU
		{FBC77374-D693-4A79-9283-23C243B561B4}.Release|Any CPU.ActiveCfg = Release|Any CPU
		{FBC77374-D693-4A79-9283-23C243B561B4}.Release|Any CPU.Build.0 = Release|Any CPU
		{4D1ADB91-AF03-4CA6-A66A-DCF0383C439C}.Debug|Any CPU.ActiveCfg = Debug|Any CPU
		{4D1ADB91-AF03-4CA6-A66A-DCF0383C439C}.Debug|Any CPU.Build.0 = Debug|Any CPU
		{4D1ADB91-AF03-4CA6-A66A-DCF0383C439C}.Release|Any CPU.ActiveCfg = Release|Any CPU
		{4D1ADB91-AF03-4CA6-A66A-DCF0383C439C}.Release|Any CPU.Build.0 = Release|Any CPU
		{D309600C-CF3F-408A-B016-9014EF2C72D9}.Debug|Any CPU.ActiveCfg = Debug|Any CPU
		{D309600C-CF3F-408A-B016-9014EF2C72D9}.Debug|Any CPU.Build.0 = Debug|Any CPU
		{D309600C-CF3F-408A-B016-9014EF2C72D9}.Release|Any CPU.ActiveCfg = Release|Any CPU
		{D309600C-CF3F-408A-B016-9014EF2C72D9}.Release|Any CPU.Build.0 = Release|Any CPU
	EndGlobalSection
	GlobalSection(SolutionProperties) = preSolution
		HideSolutionNode = FALSE
	EndGlobalSection
	GlobalSection(NestedProjects) = preSolution
		{A073C211-D662-4FF1-A0B9-ABA2D023C43D} = {EE1ED828-386D-49D4-8129-F130549399A8}
		{C02EAB8B-2FAC-49AC-8D21-6DBDF63705D8} = {EE1ED828-386D-49D4-8129-F130549399A8}
		{C15A4E20-3723-45AC-A793-56D9B688EB3D} = {EE1ED828-386D-49D4-8129-F130549399A8}
		{7BE0BE31-E82E-42B6-A893-5A3CA8ABF18C} = {A073C211-D662-4FF1-A0B9-ABA2D023C43D}
		{37457FD4-325E-43F4-A874-81E0E05DE201} = {A073C211-D662-4FF1-A0B9-ABA2D023C43D}
		{32BB69FD-D8A7-4951-B947-35D70062DC59} = {C02EAB8B-2FAC-49AC-8D21-6DBDF63705D8}
		{87193E85-C60A-4FE6-B12B-C10B4B167941} = {C02EAB8B-2FAC-49AC-8D21-6DBDF63705D8}
		{EB109766-4F03-4F32-B794-585533434378} = {7BE0BE31-E82E-42B6-A893-5A3CA8ABF18C}
		{FBC77374-D693-4A79-9283-23C243B561B4} = {87193E85-C60A-4FE6-B12B-C10B4B167941}
		{4D1ADB91-AF03-4CA6-A66A-DCF0383C439C} = {C15A4E20-3723-45AC-A793-56D9B688EB3D}
		{D309600C-CF3F-408A-B016-9014EF2C72D9} = {32BB69FD-D8A7-4951-B947-35D70062DC59}
	EndGlobalSection
EndGlobal
